{
  "version": 4,
  "terraform_version": "1.12.2",
  "serial": 53,
  "lineage": "b3fe02a7-532d-7418-b900-a087b58f68c1",
  "outputs": {},
  "resources": [
    {
      "mode": "data",
      "type": "google_project",
      "name": "project",
      "provider": "provider[\"registry.terraform.io/hashicorp/google\"]",
      "instances": [
        {
          "schema_version": 0,
          "attributes": {
            "auto_create_network": null,
            "billing_account": "0116D1-B1CFCF-10D090",
            "deletion_policy": "PREVENT",
            "effective_labels": {},
            "folder_id": "",
            "id": "projects/typescript-fullstack-onboard",
            "labels": {},
            "name": "typescript-fullstack-onboard",
            "number": "998684226932",
            "org_id": "593543543742",
            "project_id": "typescript-fullstack-onboard",
            "tags": null,
            "terraform_labels": {}
          },
          "sensitive_attributes": [],
          "identity_schema_version": 0
        }
      ]
    },
    {
      "mode": "managed",
      "type": "google_certificate_manager_certificate",
      "name": "default",
      "provider": "provider[\"registry.terraform.io/hashicorp/google\"]",
      "instances": [
        {
          "schema_version": 1,
          "attributes": {
            "description": "",
            "effective_labels": {
              "goog-terraform-provisioned": "true",
              "terraform": "true"
            },
            "id": "projects/typescript-fullstack-onboard/locations/global/certificates/managed-cert",
            "labels": {
              "terraform": "true"
            },
            "location": "global",
            "managed": [
              {
                "authorization_attempt_info": [
                  {
                    "details": "",
                    "domain": "sandbox.keiyousya.com",
                    "failure_reason": "CONFIG",
                    "state": "FAILED"
                  }
                ],
                "dns_authorizations": [],
                "domains": [
                  "sandbox.keiyousya.com"
                ],
                "issuance_config": "",
                "provisioning_issue": [
                  {
                    "details": "",
                    "reason": "AUTHORIZATION_ISSUE"
                  }
                ],
                "state": "PROVISIONING"
              }
            ],
            "name": "managed-cert",
            "project": "typescript-fullstack-onboard",
            "san_dnsnames": [
              "sandbox.keiyousya.com"
            ],
            "scope": "",
            "self_managed": [],
            "terraform_labels": {
              "goog-terraform-provisioned": "true",
              "terraform": "true"
            },
            "timeouts": null
          },
          "sensitive_attributes": [],
          "identity_schema_version": 0,
          "private": "eyJlMmJmYjczMC1lY2FhLTExZTYtOGY4OC0zNDM2M2JjN2M0YzAiOnsiY3JlYXRlIjoxMjAwMDAwMDAwMDAwLCJkZWxldGUiOjEyMDAwMDAwMDAwMDAsInVwZGF0ZSI6MTIwMDAwMDAwMDAwMH0sInNjaGVtYV92ZXJzaW9uIjoiMSJ9",
          "dependencies": [
            "google_project_service.certificatemanager_api"
          ]
        }
      ]
    },
    {
      "mode": "managed",
      "type": "google_certificate_manager_certificate_map",
      "name": "default",
      "provider": "provider[\"registry.terraform.io/hashicorp/google\"]",
      "instances": [
        {
          "schema_version": 0,
          "attributes": {
            "create_time": "2025-08-01T04:26:24.963242361Z",
            "description": "",
            "effective_labels": {
              "goog-terraform-provisioned": "true",
              "terraform": "true"
            },
            "gclb_targets": [],
            "id": "projects/typescript-fullstack-onboard/locations/global/certificateMaps/managed-cert-map",
            "labels": {
              "terraform": "true"
            },
            "name": "managed-cert-map",
            "project": "typescript-fullstack-onboard",
            "terraform_labels": {
              "goog-terraform-provisioned": "true",
              "terraform": "true"
            },
            "timeouts": null,
            "update_time": "2025-08-01T05:07:48.100031092Z"
          },
          "sensitive_attributes": [],
          "identity_schema_version": 0,
          "private": "eyJlMmJmYjczMC1lY2FhLTExZTYtOGY4OC0zNDM2M2JjN2M0YzAiOnsiY3JlYXRlIjoxMjAwMDAwMDAwMDAwLCJkZWxldGUiOjEyMDAwMDAwMDAwMDAsInVwZGF0ZSI6MTIwMDAwMDAwMDAwMH19"
        }
      ]
    },
    {
      "mode": "managed",
      "type": "google_certificate_manager_certificate_map_entry",
      "name": "default",
      "provider": "provider[\"registry.terraform.io/hashicorp/google\"]",
      "instances": [
        {
          "schema_version": 0,
          "attributes": {
            "certificates": [
              "projects/998684226932/locations/global/certificates/managed-cert"
            ],
            "create_time": "2025-08-01T04:26:29.146581765Z",
            "description": "",
            "effective_labels": {
              "goog-terraform-provisioned": "true",
              "terraform": "true"
            },
            "hostname": "sandbox.keiyousya.com",
            "id": "projects/typescript-fullstack-onboard/locations/global/certificateMaps/managed-cert-map/certificateMapEntries/managed-cert-map-entry",
            "labels": {
              "terraform": "true"
            },
            "map": "managed-cert-map",
            "matcher": "",
            "name": "managed-cert-map-entry",
            "project": "typescript-fullstack-onboard",
            "state": "ACTIVE",
            "terraform_labels": {
              "goog-terraform-provisioned": "true",
              "terraform": "true"
            },
            "timeouts": null,
            "update_time": "2025-08-01T05:07:48.502658604Z"
          },
          "sensitive_attributes": [],
          "identity_schema_version": 0,
          "private": "eyJlMmJmYjczMC1lY2FhLTExZTYtOGY4OC0zNDM2M2JjN2M0YzAiOnsiY3JlYXRlIjoxMjAwMDAwMDAwMDAwLCJkZWxldGUiOjEyMDAwMDAwMDAwMDAsInVwZGF0ZSI6MTIwMDAwMDAwMDAwMH19",
          "dependencies": [
            "google_certificate_manager_certificate.default",
            "google_certificate_manager_certificate_map.default",
            "google_project_service.certificatemanager_api"
          ]
        }
      ]
    },
    {
      "mode": "managed",
      "type": "google_cloud_run_v2_service",
      "name": "default",
      "provider": "provider[\"registry.terraform.io/hashicorp/google\"]",
      "instances": [
        {
          "schema_version": 0,
          "attributes": {
            "annotations": {},
            "binary_authorization": [],
            "client": "terraform",
            "client_version": "",
            "conditions": [
              {
                "execution_reason": "",
                "last_transition_time": "2025-08-01T04:50:30.890531Z",
                "message": "",
                "reason": "",
                "revision_reason": "",
                "severity": "",
                "state": "CONDITION_SUCCEEDED",
                "type": "RoutesReady"
              },
              {
                "execution_reason": "",
                "last_transition_time": "2025-08-01T04:50:29.660457Z",
                "message": "",
                "reason": "",
                "revision_reason": "",
                "severity": "",
                "state": "CONDITION_SUCCEEDED",
                "type": "ConfigurationsReady"
              }
            ],
            "create_time": "2025-08-01T04:50:19.640695Z",
            "creator": "tamurakeito@keiyousya.com",
            "custom_audiences": [],
            "delete_time": "",
            "deletion_protection": false,
            "description": "",
            "effective_annotations": {},
            "effective_labels": {
              "goog-terraform-provisioned": "true"
            },
            "etag": "\"CIuPscQGENj1wLEC/cHJvamVjdHMvdHlwZXNjcmlwdC1mdWxsc3RhY2stb25ib2FyZC9sb2NhdGlvbnMvdXMtY2VudHJhbDEvc2VydmljZXMvY2xvdWRydW4tc2VydmljZQ\"",
            "expire_time": "",
            "generation": "1",
            "id": "projects/typescript-fullstack-onboard/locations/us-central1/services/cloudrun-service",
            "ingress": "INGRESS_TRAFFIC_ALL",
            "invoker_iam_disabled": false,
            "labels": {},
            "last_modifier": "tamurakeito@keiyousya.com",
            "latest_created_revision": "projects/typescript-fullstack-onboard/locations/us-central1/services/cloudrun-service/revisions/cloudrun-service-00001-zvf",
            "latest_ready_revision": "projects/typescript-fullstack-onboard/locations/us-central1/services/cloudrun-service/revisions/cloudrun-service-00001-zvf",
            "launch_stage": "GA",
            "location": "us-central1",
            "name": "cloudrun-service",
            "observed_generation": "1",
            "project": "typescript-fullstack-onboard",
            "reconciling": false,
            "scaling": [],
            "template": [
              {
                "annotations": {},
                "containers": [
                  {
                    "args": [],
                    "command": [],
                    "depends_on": [],
                    "env": [
                      {
                        "name": "DB_NAME",
                        "value": "",
                        "value_source": [
                          {
                            "secret_key_ref": [
                              {
                                "secret": "dbnamesecret",
                                "version": "latest"
                              }
                            ]
                          }
                        ]
                      },
                      {
                        "name": "DB_PASS",
                        "value": "",
                        "value_source": [
                          {
                            "secret_key_ref": [
                              {
                                "secret": "dbpasssecret",
                                "version": "latest"
                              }
                            ]
                          }
                        ]
                      },
                      {
                        "name": "DB_USER",
                        "value": "",
                        "value_source": [
                          {
                            "secret_key_ref": [
                              {
                                "secret": "dbusersecret",
                                "version": "latest"
                              }
                            ]
                          }
                        ]
                      },
                      {
                        "name": "INSTANCE_CONNECTION_NAME",
                        "value": "typescript-fullstack-onboard:us-central1:private-ip-sql-instance",
                        "value_source": []
                      }
                    ],
                    "image": "us-docker.pkg.dev/cloudrun/container/hello:latest",
                    "liveness_probe": [],
                    "name": "",
                    "ports": [
                      {
                        "container_port": 8080,
                        "name": "http1"
                      }
                    ],
                    "resources": [
                      {
                        "cpu_idle": true,
                        "limits": {
                          "cpu": "1000m",
                          "memory": "512Mi"
                        },
                        "startup_cpu_boost": false
                      }
                    ],
                    "startup_probe": [
                      {
                        "failure_threshold": 1,
                        "grpc": [],
                        "http_get": [],
                        "initial_delay_seconds": 0,
                        "period_seconds": 240,
                        "tcp_socket": [
                          {
                            "port": 8080
                          }
                        ],
                        "timeout_seconds": 240
                      }
                    ],
                    "volume_mounts": [
                      {
                        "mount_path": "/cloudsql",
                        "name": "cloudsql"
                      }
                    ],
                    "working_dir": ""
                  }
                ],
                "encryption_key": "",
                "execution_environment": "",
                "labels": {},
                "max_instance_request_concurrency": 80,
                "revision": "",
                "scaling": [
                  {
                    "max_instance_count": 3,
                    "min_instance_count": 0
                  }
                ],
                "service_account": "998684226932-compute@developer.gserviceaccount.com",
                "session_affinity": false,
                "timeout": "300s",
                "volumes": [
                  {
                    "cloud_sql_instance": [
                      {
                        "instances": [
                          "typescript-fullstack-onboard:us-central1:private-ip-sql-instance"
                        ]
                      }
                    ],
                    "gcs": [],
                    "name": "cloudsql",
                    "nfs": [],
                    "secret": []
                  }
                ],
                "vpc_access": [
                  {
                    "connector": "projects/typescript-fullstack-onboard/locations/us-central1/connectors/vpc-connector",
                    "egress": "ALL_TRAFFIC",
                    "network_interfaces": []
                  }
                ]
              }
            ],
            "terminal_condition": [
              {
                "execution_reason": "",
                "last_transition_time": "2025-08-01T04:50:30.936566Z",
                "message": "",
                "reason": "",
                "revision_reason": "",
                "severity": "",
                "state": "CONDITION_SUCCEEDED",
                "type": "Ready"
              }
            ],
            "terraform_labels": {
              "goog-terraform-provisioned": "true"
            },
            "timeouts": null,
            "traffic": [
              {
                "percent": 100,
                "revision": "",
                "tag": "",
                "type": "TRAFFIC_TARGET_ALLOCATION_TYPE_LATEST"
              }
            ],
            "traffic_statuses": [
              {
                "percent": 100,
                "revision": "",
                "tag": "",
                "type": "TRAFFIC_TARGET_ALLOCATION_TYPE_LATEST",
                "uri": ""
              }
            ],
            "uid": "1bd0d67d-1081-4c2f-8e10-5064c38490a9",
            "update_time": "2025-08-01T04:50:19.640695Z",
            "uri": "https://cloudrun-service-3rdq7r5ypa-uc.a.run.app"
          },
          "sensitive_attributes": [],
          "identity_schema_version": 0,
          "private": "eyJlMmJmYjczMC1lY2FhLTExZTYtOGY4OC0zNDM2M2JjN2M0YzAiOnsiY3JlYXRlIjoxMjAwMDAwMDAwMDAwLCJkZWxldGUiOjEyMDAwMDAwMDAwMDAsInVwZGF0ZSI6MTIwMDAwMDAwMDAwMH19",
          "dependencies": [
            "google_compute_global_address.private_ip_address",
            "google_compute_network.peering_network",
            "google_project_service.cloudrun_api",
            "google_project_service.compute_api",
            "google_project_service.secretmanager_api",
            "google_project_service.servicenetworking_api",
            "google_project_service.sqladmin_api",
            "google_project_service.vpcaccess_api",
            "google_secret_manager_secret.dbname",
            "google_secret_manager_secret.dbpass",
            "google_secret_manager_secret.dbuser",
            "google_service_networking_connection.default",
            "google_sql_database_instance.postgres_instance",
            "google_vpc_access_connector.connector"
          ]
        }
      ]
    },
    {
      "mode": "managed",
      "type": "google_compute_backend_bucket",
      "name": "gcs_backend",
      "provider": "provider[\"registry.terraform.io/hashicorp/google\"]",
      "instances": [
        {
          "schema_version": 0,
          "attributes": {
            "bucket_name": "2e26eb0c1c528d7f-static-website-bucket",
            "cdn_policy": [
              {
                "bypass_cache_on_request_headers": [],
                "cache_key_policy": [],
                "cache_mode": "CACHE_ALL_STATIC",
                "client_ttl": 3600,
                "default_ttl": 3600,
                "max_ttl": 86400,
                "negative_caching": true,
                "negative_caching_policy": [],
                "request_coalescing": true,
                "serve_while_stale": 86400,
                "signed_url_cache_max_age_sec": 0
              }
            ],
            "compression_mode": "",
            "creation_timestamp": "2025-07-31T21:26:29.601-07:00",
            "custom_response_headers": [],
            "description": "",
            "edge_security_policy": "",
            "enable_cdn": true,
            "id": "projects/typescript-fullstack-onboard/global/backendBuckets/gcs-frontend-backend",
            "name": "gcs-frontend-backend",
            "project": "typescript-fullstack-onboard",
            "self_link": "https://www.googleapis.com/compute/v1/projects/typescript-fullstack-onboard/global/backendBuckets/gcs-frontend-backend",
            "timeouts": null
          },
          "sensitive_attributes": [],
          "identity_schema_version": 0,
          "private": "eyJlMmJmYjczMC1lY2FhLTExZTYtOGY4OC0zNDM2M2JjN2M0YzAiOnsiY3JlYXRlIjoxMjAwMDAwMDAwMDAwLCJkZWxldGUiOjEyMDAwMDAwMDAwMDAsInVwZGF0ZSI6MTIwMDAwMDAwMDAwMH19",
          "dependencies": [
            "google_project_service.storage_api",
            "google_storage_bucket.static_website",
            "random_id.bucket_prefix"
          ]
        }
      ]
    },
    {
      "mode": "managed",
      "type": "google_compute_backend_service",
      "name": "cloudrun_backend",
      "provider": "provider[\"registry.terraform.io/hashicorp/google\"]",
      "instances": [
        {
          "schema_version": 1,
          "attributes": {
            "affinity_cookie_ttl_sec": 0,
            "backend": [
              {
                "balancing_mode": "UTILIZATION",
                "capacity_scaler": 1,
                "description": "",
                "group": "https://www.googleapis.com/compute/v1/projects/typescript-fullstack-onboard/regions/us-central1/networkEndpointGroups/cloudrun-neg",
                "max_connections": 0,
                "max_connections_per_endpoint": 0,
                "max_connections_per_instance": 0,
                "max_rate": 0,
                "max_rate_per_endpoint": 0,
                "max_rate_per_instance": 0,
                "max_utilization": 0
              }
            ],
            "cdn_policy": [
              {
                "bypass_cache_on_request_headers": [],
                "cache_key_policy": [],
                "cache_mode": "CACHE_ALL_STATIC",
                "client_ttl": 3600,
                "default_ttl": 3600,
                "max_ttl": 86400,
                "negative_caching": true,
                "negative_caching_policy": [],
                "serve_while_stale": 86400,
                "signed_url_cache_max_age_sec": 0
              }
            ],
            "circuit_breakers": [],
            "compression_mode": "",
            "connection_draining_timeout_sec": 300,
            "consistent_hash": [],
            "creation_timestamp": "2025-07-31T22:35:13.270-07:00",
            "custom_request_headers": null,
            "custom_response_headers": null,
            "description": "",
            "edge_security_policy": "",
            "enable_cdn": true,
            "fingerprint": "mM_woZE9KLA=",
            "generated_id": 1752963670530452734,
            "health_checks": null,
            "iap": [],
            "id": "projects/typescript-fullstack-onboard/global/backendServices/cloudrun-api-backend",
            "ip_address_selection_policy": "",
            "load_balancing_scheme": "EXTERNAL_MANAGED",
            "locality_lb_policies": [],
            "locality_lb_policy": "",
            "log_config": [],
            "name": "cloudrun-api-backend",
            "outlier_detection": [],
            "port_name": "http",
            "project": "typescript-fullstack-onboard",
            "protocol": "HTTP",
            "security_policy": "",
            "security_settings": [],
            "self_link": "https://www.googleapis.com/compute/v1/projects/typescript-fullstack-onboard/global/backendServices/cloudrun-api-backend",
            "service_lb_policy": "",
            "session_affinity": "NONE",
            "strong_session_affinity_cookie": [],
            "timeout_sec": 30,
            "timeouts": null
          },
          "sensitive_attributes": [],
          "identity_schema_version": 0,
          "private": "eyJlMmJmYjczMC1lY2FhLTExZTYtOGY4OC0zNDM2M2JjN2M0YzAiOnsiY3JlYXRlIjoxMjAwMDAwMDAwMDAwLCJkZWxldGUiOjEyMDAwMDAwMDAwMDAsInVwZGF0ZSI6MTIwMDAwMDAwMDAwMH0sInNjaGVtYV92ZXJzaW9uIjoiMSJ9",
          "dependencies": [
            "google_cloud_run_v2_service.default",
            "google_compute_global_address.private_ip_address",
            "google_compute_network.peering_network",
            "google_compute_region_network_endpoint_group.cloudrun_neg",
            "google_project_service.cloudrun_api",
            "google_project_service.compute_api",
            "google_project_service.secretmanager_api",
            "google_project_service.servicenetworking_api",
            "google_project_service.sqladmin_api",
            "google_project_service.vpcaccess_api",
            "google_secret_manager_secret.dbname",
            "google_secret_manager_secret.dbpass",
            "google_secret_manager_secret.dbuser",
            "google_service_networking_connection.default",
            "google_sql_database_instance.postgres_instance",
            "google_vpc_access_connector.connector"
          ]
        }
      ]
    },
    {
      "mode": "managed",
      "type": "google_compute_global_address",
      "name": "default",
      "provider": "provider[\"registry.terraform.io/hashicorp/google\"]",
      "instances": [
        {
          "schema_version": 0,
          "attributes": {
            "address": "34.49.139.114",
            "address_type": "EXTERNAL",
            "creation_timestamp": "2025-07-31T21:26:29.828-07:00",
            "description": "",
            "effective_labels": {
              "goog-terraform-provisioned": "true"
            },
            "id": "projects/typescript-fullstack-onboard/global/addresses/lb-ipv4-1",
            "ip_version": "",
            "label_fingerprint": "vezUS-42LLM=",
            "labels": {},
            "name": "lb-ipv4-1",
            "network": "",
            "prefix_length": 0,
            "project": "typescript-fullstack-onboard",
            "purpose": "",
            "self_link": "https://www.googleapis.com/compute/v1/projects/typescript-fullstack-onboard/global/addresses/lb-ipv4-1",
            "terraform_labels": {
              "goog-terraform-provisioned": "true"
            },
            "timeouts": null
          },
          "sensitive_attributes": [],
          "identity_schema_version": 0,
          "private": "eyJlMmJmYjczMC1lY2FhLTExZTYtOGY4OC0zNDM2M2JjN2M0YzAiOnsiY3JlYXRlIjoxMjAwMDAwMDAwMDAwLCJkZWxldGUiOjEyMDAwMDAwMDAwMDAsInVwZGF0ZSI6MTIwMDAwMDAwMDAwMH19",
          "dependencies": [
            "google_project_service.compute_api"
          ]
        }
      ]
    },
    {
      "mode": "managed",
      "type": "google_compute_global_address",
      "name": "private_ip_address",
      "provider": "provider[\"registry.terraform.io/hashicorp/google\"]",
      "instances": [
        {
          "schema_version": 0,
          "attributes": {
            "address": "10.24.0.0",
            "address_type": "INTERNAL",
            "creation_timestamp": "2025-07-31T21:27:05.397-07:00",
            "description": "",
            "effective_labels": {
              "goog-terraform-provisioned": "true"
            },
            "id": "projects/typescript-fullstack-onboard/global/addresses/private-ip-address",
            "ip_version": "",
            "label_fingerprint": "vezUS-42LLM=",
            "labels": {},
            "name": "private-ip-address",
            "network": "https://www.googleapis.com/compute/v1/projects/typescript-fullstack-onboard/global/networks/private-network",
            "prefix_length": 16,
            "project": "typescript-fullstack-onboard",
            "purpose": "VPC_PEERING",
            "self_link": "https://www.googleapis.com/compute/v1/projects/typescript-fullstack-onboard/global/addresses/private-ip-address",
            "terraform_labels": {
              "goog-terraform-provisioned": "true"
            },
            "timeouts": null
          },
          "sensitive_attributes": [],
          "identity_schema_version": 0,
          "private": "eyJlMmJmYjczMC1lY2FhLTExZTYtOGY4OC0zNDM2M2JjN2M0YzAiOnsiY3JlYXRlIjoxMjAwMDAwMDAwMDAwLCJkZWxldGUiOjEyMDAwMDAwMDAwMDAsInVwZGF0ZSI6MTIwMDAwMDAwMDAwMH19",
          "dependencies": [
            "google_compute_network.peering_network",
            "google_project_service.compute_api"
          ]
        }
      ]
    },
    {
      "mode": "managed",
      "type": "google_compute_global_forwarding_rule",
      "name": "default",
      "provider": "provider[\"registry.terraform.io/hashicorp/google\"]",
      "instances": [
        {
          "schema_version": 0,
          "attributes": {
            "base_forwarding_rule": "",
            "description": "",
            "effective_labels": {},
            "id": "projects/typescript-fullstack-onboard/global/forwardingRules/https-content-rule",
            "ip_address": "34.49.139.114",
            "ip_protocol": "TCP",
            "ip_version": "",
            "label_fingerprint": "42WmSpB8rSM=",
            "labels": null,
            "load_balancing_scheme": "EXTERNAL_MANAGED",
            "metadata_filters": [],
            "name": "https-content-rule",
            "network": "",
            "no_automate_dns_zone": null,
            "port_range": "443-443",
            "project": "typescript-fullstack-onboard",
            "psc_connection_id": "",
            "psc_connection_status": "",
            "self_link": "https://www.googleapis.com/compute/v1/projects/typescript-fullstack-onboard/global/forwardingRules/https-content-rule",
            "service_directory_registrations": [],
            "source_ip_ranges": null,
            "subnetwork": "",
            "target": "https://www.googleapis.com/compute/v1/projects/typescript-fullstack-onboard/global/targetHttpsProxies/https-lb-proxy",
            "terraform_labels": {},
            "timeouts": null
          },
          "sensitive_attributes": [],
          "identity_schema_version": 0,
          "private": "eyJlMmJmYjczMC1lY2FhLTExZTYtOGY4OC0zNDM2M2JjN2M0YzAiOnsiY3JlYXRlIjoxMjAwMDAwMDAwMDAwLCJkZWxldGUiOjEyMDAwMDAwMDAwMDAsInVwZGF0ZSI6MTIwMDAwMDAwMDAwMH19",
          "dependencies": [
            "google_certificate_manager_certificate_map.default",
            "google_cloud_run_v2_service.default",
            "google_compute_backend_bucket.gcs_backend",
            "google_compute_backend_service.cloudrun_backend",
            "google_compute_global_address.default",
            "google_compute_global_address.private_ip_address",
            "google_compute_network.peering_network",
            "google_compute_region_network_endpoint_group.cloudrun_neg",
            "google_compute_target_https_proxy.default",
            "google_compute_url_map.default",
            "google_project_service.cloudrun_api",
            "google_project_service.compute_api",
            "google_project_service.secretmanager_api",
            "google_project_service.servicenetworking_api",
            "google_project_service.sqladmin_api",
            "google_project_service.storage_api",
            "google_project_service.vpcaccess_api",
            "google_secret_manager_secret.dbname",
            "google_secret_manager_secret.dbpass",
            "google_secret_manager_secret.dbuser",
            "google_service_networking_connection.default",
            "google_sql_database_instance.postgres_instance",
            "google_storage_bucket.static_website",
            "google_vpc_access_connector.connector",
            "random_id.bucket_prefix"
          ]
        }
      ]
    },
    {
      "mode": "managed",
      "type": "google_compute_network",
      "name": "peering_network",
      "provider": "provider[\"registry.terraform.io/hashicorp/google\"]",
      "instances": [
        {
          "schema_version": 0,
          "attributes": {
            "auto_create_subnetworks": false,
            "delete_default_routes_on_create": false,
            "description": "",
            "enable_ula_internal_ipv6": false,
            "gateway_ipv4": "",
            "id": "projects/typescript-fullstack-onboard/global/networks/private-network",
            "internal_ipv6_range": "",
            "mtu": 0,
            "name": "private-network",
            "network_firewall_policy_enforcement_order": "AFTER_CLASSIC_FIREWALL",
            "numeric_id": "391125168415702810",
            "project": "typescript-fullstack-onboard",
            "routing_mode": "REGIONAL",
            "self_link": "https://www.googleapis.com/compute/v1/projects/typescript-fullstack-onboard/global/networks/private-network",
            "timeouts": null
          },
          "sensitive_attributes": [],
          "identity_schema_version": 0,
          "private": "eyJlMmJmYjczMC1lY2FhLTExZTYtOGY4OC0zNDM2M2JjN2M0YzAiOnsiY3JlYXRlIjoxMjAwMDAwMDAwMDAwLCJkZWxldGUiOjEyMDAwMDAwMDAwMDAsInVwZGF0ZSI6MTIwMDAwMDAwMDAwMH19",
          "dependencies": [
            "google_project_service.compute_api"
          ]
        }
      ]
    },
    {
      "mode": "managed",
      "type": "google_compute_region_network_endpoint_group",
      "name": "cloudrun_neg",
      "provider": "provider[\"registry.terraform.io/hashicorp/google\"]",
      "instances": [
        {
          "schema_version": 0,
          "attributes": {
            "app_engine": [],
            "cloud_function": [],
            "cloud_run": [
              {
                "service": "cloudrun-service",
                "tag": "",
                "url_mask": ""
              }
            ],
            "description": "",
            "id": "projects/typescript-fullstack-onboard/regions/us-central1/networkEndpointGroups/cloudrun-neg",
            "name": "cloudrun-neg",
            "network": "",
            "network_endpoint_type": "SERVERLESS",
            "project": "typescript-fullstack-onboard",
            "psc_target_service": "",
            "region": "https://www.googleapis.com/compute/v1/projects/typescript-fullstack-onboard/regions/us-central1",
            "self_link": "https://www.googleapis.com/compute/v1/projects/typescript-fullstack-onboard/regions/us-central1/networkEndpointGroups/cloudrun-neg",
            "subnetwork": "",
            "timeouts": null
          },
          "sensitive_attributes": [],
          "identity_schema_version": 0,
          "private": "eyJlMmJmYjczMC1lY2FhLTExZTYtOGY4OC0zNDM2M2JjN2M0YzAiOnsiY3JlYXRlIjoxMjAwMDAwMDAwMDAwLCJkZWxldGUiOjEyMDAwMDAwMDAwMDB9fQ==",
          "dependencies": [
            "google_cloud_run_v2_service.default",
            "google_compute_global_address.private_ip_address",
            "google_compute_network.peering_network",
            "google_project_service.cloudrun_api",
            "google_project_service.compute_api",
            "google_project_service.secretmanager_api",
            "google_project_service.servicenetworking_api",
            "google_project_service.sqladmin_api",
            "google_project_service.vpcaccess_api",
            "google_secret_manager_secret.dbname",
            "google_secret_manager_secret.dbpass",
            "google_secret_manager_secret.dbuser",
            "google_service_networking_connection.default",
            "google_sql_database_instance.postgres_instance",
            "google_vpc_access_connector.connector"
          ]
        }
      ]
    },
    {
      "mode": "managed",
      "type": "google_compute_target_https_proxy",
      "name": "default",
      "provider": "provider[\"registry.terraform.io/hashicorp/google\"]",
      "instances": [
        {
          "schema_version": 0,
          "attributes": {
            "certificate_manager_certificates": null,
            "certificate_map": "//certificatemanager.googleapis.com/projects/typescript-fullstack-onboard/locations/global/certificateMaps/managed-cert-map",
            "creation_timestamp": "2025-07-31T22:37:24.031-07:00",
            "description": "",
            "http_keep_alive_timeout_sec": 0,
            "id": "projects/typescript-fullstack-onboard/global/targetHttpsProxies/https-lb-proxy",
            "name": "https-lb-proxy",
            "project": "typescript-fullstack-onboard",
            "proxy_bind": false,
            "proxy_id": 8146440025872133243,
            "quic_override": "NONE",
            "self_link": "https://www.googleapis.com/compute/v1/projects/typescript-fullstack-onboard/global/targetHttpsProxies/https-lb-proxy",
            "server_tls_policy": "",
            "ssl_certificates": null,
            "ssl_policy": "",
            "timeouts": null,
            "tls_early_data": "DISABLED",
            "url_map": "https://www.googleapis.com/compute/v1/projects/typescript-fullstack-onboard/global/urlMaps/lb-url-map"
          },
          "sensitive_attributes": [],
          "identity_schema_version": 0,
          "private": "eyJlMmJmYjczMC1lY2FhLTExZTYtOGY4OC0zNDM2M2JjN2M0YzAiOnsiY3JlYXRlIjoxMjAwMDAwMDAwMDAwLCJkZWxldGUiOjEyMDAwMDAwMDAwMDAsInVwZGF0ZSI6MTIwMDAwMDAwMDAwMH19",
          "dependencies": [
            "google_certificate_manager_certificate_map.default",
            "google_cloud_run_v2_service.default",
            "google_compute_backend_bucket.gcs_backend",
            "google_compute_backend_service.cloudrun_backend",
            "google_compute_global_address.private_ip_address",
            "google_compute_network.peering_network",
            "google_compute_region_network_endpoint_group.cloudrun_neg",
            "google_compute_url_map.default",
            "google_project_service.cloudrun_api",
            "google_project_service.compute_api",
            "google_project_service.secretmanager_api",
            "google_project_service.servicenetworking_api",
            "google_project_service.sqladmin_api",
            "google_project_service.storage_api",
            "google_project_service.vpcaccess_api",
            "google_secret_manager_secret.dbname",
            "google_secret_manager_secret.dbpass",
            "google_secret_manager_secret.dbuser",
            "google_service_networking_connection.default",
            "google_sql_database_instance.postgres_instance",
            "google_storage_bucket.static_website",
            "google_vpc_access_connector.connector",
            "random_id.bucket_prefix"
          ]
        }
      ]
    },
    {
      "mode": "managed",
      "type": "google_compute_url_map",
      "name": "default",
      "provider": "provider[\"registry.terraform.io/hashicorp/google\"]",
      "instances": [
        {
          "schema_version": 0,
          "attributes": {
            "creation_timestamp": "2025-07-31T22:37:09.803-07:00",
            "default_route_action": [],
            "default_service": "https://www.googleapis.com/compute/v1/projects/typescript-fullstack-onboard/global/backendBuckets/gcs-frontend-backend",
            "default_url_redirect": [],
            "description": "",
            "fingerprint": "UU_q_pRy0z8=",
            "header_action": [],
            "host_rule": [
              {
                "description": "",
                "hosts": [
                  "sandbox.keiyousya.com"
                ],
                "path_matcher": "allpaths"
              }
            ],
            "id": "projects/typescript-fullstack-onboard/global/urlMaps/lb-url-map",
            "map_id": 8667232199518579819,
            "name": "lb-url-map",
            "path_matcher": [
              {
                "default_route_action": [],
                "default_service": "https://www.googleapis.com/compute/v1/projects/typescript-fullstack-onboard/global/backendBuckets/gcs-frontend-backend",
                "default_url_redirect": [],
                "description": "",
                "header_action": [],
                "name": "allpaths",
                "path_rule": [
                  {
                    "paths": [
                      "/api/*"
                    ],
                    "route_action": [],
                    "service": "https://www.googleapis.com/compute/v1/projects/typescript-fullstack-onboard/global/backendServices/cloudrun-api-backend",
                    "url_redirect": []
                  }
                ],
                "route_rules": []
              }
            ],
            "project": "typescript-fullstack-onboard",
            "self_link": "https://www.googleapis.com/compute/v1/projects/typescript-fullstack-onboard/global/urlMaps/lb-url-map",
            "test": [],
            "timeouts": null
          },
          "sensitive_attributes": [],
          "identity_schema_version": 0,
          "private": "eyJlMmJmYjczMC1lY2FhLTExZTYtOGY4OC0zNDM2M2JjN2M0YzAiOnsiY3JlYXRlIjoxMjAwMDAwMDAwMDAwLCJkZWxldGUiOjEyMDAwMDAwMDAwMDAsInVwZGF0ZSI6MTIwMDAwMDAwMDAwMH19",
          "dependencies": [
            "google_cloud_run_v2_service.default",
            "google_compute_backend_bucket.gcs_backend",
            "google_compute_backend_service.cloudrun_backend",
            "google_compute_global_address.private_ip_address",
            "google_compute_network.peering_network",
            "google_compute_region_network_endpoint_group.cloudrun_neg",
            "google_project_service.cloudrun_api",
            "google_project_service.compute_api",
            "google_project_service.secretmanager_api",
            "google_project_service.servicenetworking_api",
            "google_project_service.sqladmin_api",
            "google_project_service.storage_api",
            "google_project_service.vpcaccess_api",
            "google_secret_manager_secret.dbname",
            "google_secret_manager_secret.dbpass",
            "google_secret_manager_secret.dbuser",
            "google_service_networking_connection.default",
            "google_sql_database_instance.postgres_instance",
            "google_storage_bucket.static_website",
            "google_vpc_access_connector.connector",
            "random_id.bucket_prefix"
          ]
        }
      ]
    },
    {
      "mode": "managed",
      "type": "google_project_service",
      "name": "certificatemanager_api",
      "provider": "provider[\"registry.terraform.io/hashicorp/google\"]",
      "instances": [
        {
          "schema_version": 0,
          "attributes": {
            "disable_dependent_services": null,
            "disable_on_destroy": false,
            "id": "typescript-fullstack-onboard/certificatemanager.googleapis.com",
            "project": "typescript-fullstack-onboard",
            "service": "certificatemanager.googleapis.com",
            "timeouts": null
          },
          "sensitive_attributes": [],
          "identity_schema_version": 0,
          "private": "eyJlMmJmYjczMC1lY2FhLTExZTYtOGY4OC0zNDM2M2JjN2M0YzAiOnsiY3JlYXRlIjoxMjAwMDAwMDAwMDAwLCJkZWxldGUiOjEyMDAwMDAwMDAwMDAsInJlYWQiOjYwMDAwMDAwMDAwMCwidXBkYXRlIjoxMjAwMDAwMDAwMDAwfX0="
        }
      ]
    },
    {
      "mode": "managed",
      "type": "google_project_service",
      "name": "cloudrun_api",
      "provider": "provider[\"registry.terraform.io/hashicorp/google\"]",
      "instances": [
        {
          "schema_version": 0,
          "attributes": {
            "disable_dependent_services": null,
            "disable_on_destroy": false,
            "id": "typescript-fullstack-onboard/run.googleapis.com",
            "project": "typescript-fullstack-onboard",
            "service": "run.googleapis.com",
            "timeouts": null
          },
          "sensitive_attributes": [],
          "identity_schema_version": 0,
          "private": "eyJlMmJmYjczMC1lY2FhLTExZTYtOGY4OC0zNDM2M2JjN2M0YzAiOnsiY3JlYXRlIjoxMjAwMDAwMDAwMDAwLCJkZWxldGUiOjEyMDAwMDAwMDAwMDAsInJlYWQiOjYwMDAwMDAwMDAwMCwidXBkYXRlIjoxMjAwMDAwMDAwMDAwfX0="
        }
      ]
    },
    {
      "mode": "managed",
      "type": "google_project_service",
      "name": "compute_api",
      "provider": "provider[\"registry.terraform.io/hashicorp/google\"]",
      "instances": [
        {
          "schema_version": 0,
          "attributes": {
            "disable_dependent_services": null,
            "disable_on_destroy": false,
            "id": "typescript-fullstack-onboard/compute.googleapis.com",
            "project": "typescript-fullstack-onboard",
            "service": "compute.googleapis.com",
            "timeouts": null
          },
          "sensitive_attributes": [],
          "identity_schema_version": 0,
          "private": "eyJlMmJmYjczMC1lY2FhLTExZTYtOGY4OC0zNDM2M2JjN2M0YzAiOnsiY3JlYXRlIjoxMjAwMDAwMDAwMDAwLCJkZWxldGUiOjEyMDAwMDAwMDAwMDAsInJlYWQiOjYwMDAwMDAwMDAwMCwidXBkYXRlIjoxMjAwMDAwMDAwMDAwfX0="
        }
      ]
    },
    {
      "mode": "managed",
      "type": "google_project_service",
      "name": "secretmanager_api",
      "provider": "provider[\"registry.terraform.io/hashicorp/google\"]",
      "instances": [
        {
          "schema_version": 0,
          "attributes": {
            "disable_dependent_services": null,
            "disable_on_destroy": false,
            "id": "typescript-fullstack-onboard/secretmanager.googleapis.com",
            "project": "typescript-fullstack-onboard",
            "service": "secretmanager.googleapis.com",
            "timeouts": null
          },
          "sensitive_attributes": [],
          "identity_schema_version": 0,
          "private": "eyJlMmJmYjczMC1lY2FhLTExZTYtOGY4OC0zNDM2M2JjN2M0YzAiOnsiY3JlYXRlIjoxMjAwMDAwMDAwMDAwLCJkZWxldGUiOjEyMDAwMDAwMDAwMDAsInJlYWQiOjYwMDAwMDAwMDAwMCwidXBkYXRlIjoxMjAwMDAwMDAwMDAwfX0="
        }
      ]
    },
    {
      "mode": "managed",
      "type": "google_project_service",
      "name": "servicenetworking_api",
      "provider": "provider[\"registry.terraform.io/hashicorp/google\"]",
      "instances": [
        {
          "schema_version": 0,
          "attributes": {
            "disable_dependent_services": null,
            "disable_on_destroy": false,
            "id": "typescript-fullstack-onboard/servicenetworking.googleapis.com",
            "project": "typescript-fullstack-onboard",
            "service": "servicenetworking.googleapis.com",
            "timeouts": null
          },
          "sensitive_attributes": [],
          "identity_schema_version": 0,
          "private": "eyJlMmJmYjczMC1lY2FhLTExZTYtOGY4OC0zNDM2M2JjN2M0YzAiOnsiY3JlYXRlIjoxMjAwMDAwMDAwMDAwLCJkZWxldGUiOjEyMDAwMDAwMDAwMDAsInJlYWQiOjYwMDAwMDAwMDAwMCwidXBkYXRlIjoxMjAwMDAwMDAwMDAwfX0="
        }
      ]
    },
    {
      "mode": "managed",
      "type": "google_project_service",
      "name": "sqladmin_api",
      "provider": "provider[\"registry.terraform.io/hashicorp/google\"]",
      "instances": [
        {
          "schema_version": 0,
          "attributes": {
            "disable_dependent_services": null,
            "disable_on_destroy": false,
            "id": "typescript-fullstack-onboard/sqladmin.googleapis.com",
            "project": "typescript-fullstack-onboard",
            "service": "sqladmin.googleapis.com",
            "timeouts": null
          },
          "sensitive_attributes": [],
          "identity_schema_version": 0,
          "private": "eyJlMmJmYjczMC1lY2FhLTExZTYtOGY4OC0zNDM2M2JjN2M0YzAiOnsiY3JlYXRlIjoxMjAwMDAwMDAwMDAwLCJkZWxldGUiOjEyMDAwMDAwMDAwMDAsInJlYWQiOjYwMDAwMDAwMDAwMCwidXBkYXRlIjoxMjAwMDAwMDAwMDAwfX0="
        }
      ]
    },
    {
      "mode": "managed",
      "type": "google_project_service",
      "name": "storage_api",
      "provider": "provider[\"registry.terraform.io/hashicorp/google\"]",
      "instances": [
        {
          "schema_version": 0,
          "attributes": {
            "disable_dependent_services": null,
            "disable_on_destroy": false,
            "id": "typescript-fullstack-onboard/storage.googleapis.com",
            "project": "typescript-fullstack-onboard",
            "service": "storage.googleapis.com",
            "timeouts": null
          },
          "sensitive_attributes": [],
          "identity_schema_version": 0,
          "private": "eyJlMmJmYjczMC1lY2FhLTExZTYtOGY4OC0zNDM2M2JjN2M0YzAiOnsiY3JlYXRlIjoxMjAwMDAwMDAwMDAwLCJkZWxldGUiOjEyMDAwMDAwMDAwMDAsInJlYWQiOjYwMDAwMDAwMDAwMCwidXBkYXRlIjoxMjAwMDAwMDAwMDAwfX0="
        }
      ]
    },
    {
      "mode": "managed",
      "type": "google_project_service",
      "name": "vpcaccess_api",
      "provider": "provider[\"registry.terraform.io/hashicorp/google\"]",
      "instances": [
        {
          "schema_version": 0,
          "attributes": {
            "disable_dependent_services": null,
            "disable_on_destroy": false,
            "id": "typescript-fullstack-onboard/vpcaccess.googleapis.com",
            "project": "typescript-fullstack-onboard",
            "service": "vpcaccess.googleapis.com",
            "timeouts": null
          },
          "sensitive_attributes": [],
          "identity_schema_version": 0,
          "private": "eyJlMmJmYjczMC1lY2FhLTExZTYtOGY4OC0zNDM2M2JjN2M0YzAiOnsiY3JlYXRlIjoxMjAwMDAwMDAwMDAwLCJkZWxldGUiOjEyMDAwMDAwMDAwMDAsInJlYWQiOjYwMDAwMDAwMDAwMCwidXBkYXRlIjoxMjAwMDAwMDAwMDAwfX0="
        }
      ]
    },
    {
      "mode": "managed",
      "type": "google_secret_manager_secret",
      "name": "dbname",
      "provider": "provider[\"registry.terraform.io/hashicorp/google\"]",
      "instances": [
        {
          "schema_version": 0,
          "attributes": {
            "annotations": {},
            "create_time": "2025-08-01T03:10:46.466552Z",
            "effective_annotations": {},
            "effective_labels": {
              "goog-terraform-provisioned": "true"
            },
            "expire_time": "",
            "id": "projects/typescript-fullstack-onboard/secrets/dbnamesecret",
            "labels": {},
            "name": "projects/998684226932/secrets/dbnamesecret",
            "project": "typescript-fullstack-onboard",
            "replication": [
              {
                "auto": [
                  {
                    "customer_managed_encryption": []
                  }
                ],
                "user_managed": []
              }
            ],
            "rotation": [],
            "secret_id": "dbnamesecret",
            "terraform_labels": {
              "goog-terraform-provisioned": "true"
            },
            "timeouts": null,
            "topics": [],
            "ttl": null,
            "version_aliases": {},
            "version_destroy_ttl": ""
          },
          "sensitive_attributes": [],
          "identity_schema_version": 0,
          "private": "eyJlMmJmYjczMC1lY2FhLTExZTYtOGY4OC0zNDM2M2JjN2M0YzAiOnsiY3JlYXRlIjoxMjAwMDAwMDAwMDAwLCJkZWxldGUiOjEyMDAwMDAwMDAwMDAsInVwZGF0ZSI6MTIwMDAwMDAwMDAwMH19",
          "dependencies": [
            "google_project_service.secretmanager_api"
          ]
        }
      ]
    },
    {
      "mode": "managed",
      "type": "google_secret_manager_secret",
      "name": "dbpass",
      "provider": "provider[\"registry.terraform.io/hashicorp/google\"]",
      "instances": [
        {
          "schema_version": 0,
          "attributes": {
            "annotations": {},
            "create_time": "2025-08-01T03:10:46.331990Z",
            "effective_annotations": {},
            "effective_labels": {
              "goog-terraform-provisioned": "true"
            },
            "expire_time": "",
            "id": "projects/typescript-fullstack-onboard/secrets/dbpasssecret",
            "labels": {},
            "name": "projects/998684226932/secrets/dbpasssecret",
            "project": "typescript-fullstack-onboard",
            "replication": [
              {
                "auto": [
                  {
                    "customer_managed_encryption": []
                  }
                ],
                "user_managed": []
              }
            ],
            "rotation": [],
            "secret_id": "dbpasssecret",
            "terraform_labels": {
              "goog-terraform-provisioned": "true"
            },
            "timeouts": null,
            "topics": [],
            "ttl": null,
            "version_aliases": {},
            "version_destroy_ttl": ""
          },
          "sensitive_attributes": [],
          "identity_schema_version": 0,
          "private": "eyJlMmJmYjczMC1lY2FhLTExZTYtOGY4OC0zNDM2M2JjN2M0YzAiOnsiY3JlYXRlIjoxMjAwMDAwMDAwMDAwLCJkZWxldGUiOjEyMDAwMDAwMDAwMDAsInVwZGF0ZSI6MTIwMDAwMDAwMDAwMH19",
          "dependencies": [
            "google_project_service.secretmanager_api"
          ]
        }
      ]
    },
    {
      "mode": "managed",
      "type": "google_secret_manager_secret",
      "name": "dbuser",
      "provider": "provider[\"registry.terraform.io/hashicorp/google\"]",
      "instances": [
        {
          "schema_version": 0,
          "attributes": {
            "annotations": {},
            "create_time": "2025-08-01T03:10:46.331994Z",
            "effective_annotations": {},
            "effective_labels": {
              "goog-terraform-provisioned": "true"
            },
            "expire_time": "",
            "id": "projects/typescript-fullstack-onboard/secrets/dbusersecret",
            "labels": {},
            "name": "projects/998684226932/secrets/dbusersecret",
            "project": "typescript-fullstack-onboard",
            "replication": [
              {
                "auto": [
                  {
                    "customer_managed_encryption": []
                  }
                ],
                "user_managed": []
              }
            ],
            "rotation": [],
            "secret_id": "dbusersecret",
            "terraform_labels": {
              "goog-terraform-provisioned": "true"
            },
            "timeouts": null,
            "topics": [],
            "ttl": null,
            "version_aliases": {},
            "version_destroy_ttl": ""
          },
          "sensitive_attributes": [],
          "identity_schema_version": 0,
          "private": "eyJlMmJmYjczMC1lY2FhLTExZTYtOGY4OC0zNDM2M2JjN2M0YzAiOnsiY3JlYXRlIjoxMjAwMDAwMDAwMDAwLCJkZWxldGUiOjEyMDAwMDAwMDAwMDAsInVwZGF0ZSI6MTIwMDAwMDAwMDAwMH19",
          "dependencies": [
            "google_project_service.secretmanager_api"
          ]
        }
      ]
    },
    {
      "mode": "managed",
      "type": "google_secret_manager_secret_iam_member",
      "name": "secretaccess_compute_dbname",
      "provider": "provider[\"registry.terraform.io/hashicorp/google\"]",
      "instances": [
        {
          "schema_version": 0,
          "attributes": {
            "condition": [],
            "etag": "BwY7RRrlrLg=",
            "id": "projects/typescript-fullstack-onboard/secrets/dbnamesecret/roles/secretmanager.secretAccessor/serviceAccount:998684226932-compute@developer.gserviceaccount.com",
            "member": "serviceAccount:998684226932-compute@developer.gserviceaccount.com",
            "project": "typescript-fullstack-onboard",
            "role": "roles/secretmanager.secretAccessor",
            "secret_id": "projects/typescript-fullstack-onboard/secrets/dbnamesecret"
          },
          "sensitive_attributes": [],
          "identity_schema_version": 0,
          "private": "bnVsbA==",
          "dependencies": [
            "data.google_project.project",
            "google_project_service.secretmanager_api",
            "google_secret_manager_secret.dbname"
          ]
        }
      ]
    },
    {
      "mode": "managed",
      "type": "google_secret_manager_secret_iam_member",
      "name": "secretaccess_compute_dbpass",
      "provider": "provider[\"registry.terraform.io/hashicorp/google\"]",
      "instances": [
        {
          "schema_version": 0,
          "attributes": {
            "condition": [],
            "etag": "BwY7RRrljXk=",
            "id": "projects/typescript-fullstack-onboard/secrets/dbpasssecret/roles/secretmanager.secretAccessor/serviceAccount:998684226932-compute@developer.gserviceaccount.com",
            "member": "serviceAccount:998684226932-compute@developer.gserviceaccount.com",
            "project": "typescript-fullstack-onboard",
            "role": "roles/secretmanager.secretAccessor",
            "secret_id": "projects/typescript-fullstack-onboard/secrets/dbpasssecret"
          },
          "sensitive_attributes": [],
          "identity_schema_version": 0,
          "private": "bnVsbA==",
          "dependencies": [
            "data.google_project.project",
            "google_project_service.secretmanager_api",
            "google_secret_manager_secret.dbpass"
          ]
        }
      ]
    },
    {
      "mode": "managed",
      "type": "google_secret_manager_secret_iam_member",
      "name": "secretaccess_compute_dbuser",
      "provider": "provider[\"registry.terraform.io/hashicorp/google\"]",
      "instances": [
        {
          "schema_version": 0,
          "attributes": {
            "condition": [],
            "etag": "BwY7RRrU2wg=",
            "id": "projects/typescript-fullstack-onboard/secrets/dbusersecret/roles/secretmanager.secretAccessor/serviceAccount:998684226932-compute@developer.gserviceaccount.com",
            "member": "serviceAccount:998684226932-compute@developer.gserviceaccount.com",
            "project": "typescript-fullstack-onboard",
            "role": "roles/secretmanager.secretAccessor",
            "secret_id": "projects/typescript-fullstack-onboard/secrets/dbusersecret"
          },
          "sensitive_attributes": [],
          "identity_schema_version": 0,
          "private": "bnVsbA==",
          "dependencies": [
            "data.google_project.project",
            "google_project_service.secretmanager_api",
            "google_secret_manager_secret.dbuser"
          ]
        }
      ]
    },
    {
      "mode": "managed",
      "type": "google_secret_manager_secret_version",
      "name": "dbname_data",
      "provider": "provider[\"registry.terraform.io/hashicorp/google\"]",
      "instances": [
        {
          "schema_version": 0,
          "attributes": {
            "create_time": "2025-08-01T04:50:19.536536Z",
            "deletion_policy": "DELETE",
            "destroy_time": "",
            "enabled": true,
            "id": "projects/998684226932/secrets/dbnamesecret/versions/1",
            "is_secret_data_base64": false,
            "name": "projects/998684226932/secrets/dbnamesecret/versions/1",
            "secret": "projects/typescript-fullstack-onboard/secrets/dbnamesecret",
            "secret_data": "dummy-db",
            "timeouts": null,
            "version": "1"
          },
          "sensitive_attributes": [
            [
              {
                "type": "get_attr",
                "value": "secret_data"
              }
            ]
          ],
          "identity_schema_version": 0,
          "private": "eyJlMmJmYjczMC1lY2FhLTExZTYtOGY4OC0zNDM2M2JjN2M0YzAiOnsiY3JlYXRlIjoxMjAwMDAwMDAwMDAwLCJkZWxldGUiOjEyMDAwMDAwMDAwMDAsInVwZGF0ZSI6MTIwMDAwMDAwMDAwMH19",
          "dependencies": [
            "google_project_service.secretmanager_api",
            "google_secret_manager_secret.dbname"
          ]
        }
      ]
    },
    {
      "mode": "managed",
      "type": "google_secret_manager_secret_version",
      "name": "dbpass_data",
      "provider": "provider[\"registry.terraform.io/hashicorp/google\"]",
      "instances": [
        {
          "schema_version": 0,
          "attributes": {
            "create_time": "2025-08-01T04:50:20.104213Z",
            "deletion_policy": "DELETE",
            "destroy_time": "",
            "enabled": true,
            "id": "projects/998684226932/secrets/dbpasssecret/versions/1",
            "is_secret_data_base64": false,
            "name": "projects/998684226932/secrets/dbpasssecret/versions/1",
            "secret": "projects/typescript-fullstack-onboard/secrets/dbpasssecret",
            "secret_data": "dummy-password",
            "timeouts": null,
            "version": "1"
          },
          "sensitive_attributes": [
            [
              {
                "type": "get_attr",
                "value": "secret_data"
              }
            ]
          ],
          "identity_schema_version": 0,
          "private": "eyJlMmJmYjczMC1lY2FhLTExZTYtOGY4OC0zNDM2M2JjN2M0YzAiOnsiY3JlYXRlIjoxMjAwMDAwMDAwMDAwLCJkZWxldGUiOjEyMDAwMDAwMDAwMDAsInVwZGF0ZSI6MTIwMDAwMDAwMDAwMH19",
          "dependencies": [
            "google_project_service.secretmanager_api",
            "google_secret_manager_secret.dbpass"
          ]
        }
      ]
    },
    {
      "mode": "managed",
      "type": "google_secret_manager_secret_version",
      "name": "dbuser_data",
      "provider": "provider[\"registry.terraform.io/hashicorp/google\"]",
      "instances": [
        {
          "schema_version": 0,
          "attributes": {
            "create_time": "2025-08-01T04:50:18.687992Z",
            "deletion_policy": "DELETE",
            "destroy_time": "",
            "enabled": true,
            "id": "projects/998684226932/secrets/dbusersecret/versions/1",
            "is_secret_data_base64": false,
            "name": "projects/998684226932/secrets/dbusersecret/versions/1",
            "secret": "projects/typescript-fullstack-onboard/secrets/dbusersecret",
            "secret_data": "dummy-user",
            "timeouts": null,
            "version": "1"
          },
          "sensitive_attributes": [
            [
              {
                "type": "get_attr",
                "value": "secret_data"
              }
            ]
          ],
          "identity_schema_version": 0,
          "private": "eyJlMmJmYjczMC1lY2FhLTExZTYtOGY4OC0zNDM2M2JjN2M0YzAiOnsiY3JlYXRlIjoxMjAwMDAwMDAwMDAwLCJkZWxldGUiOjEyMDAwMDAwMDAwMDAsInVwZGF0ZSI6MTIwMDAwMDAwMDAwMH19",
          "dependencies": [
            "google_project_service.secretmanager_api",
            "google_secret_manager_secret.dbuser"
          ]
        }
      ]
    },
    {
      "mode": "managed",
      "type": "google_service_networking_connection",
      "name": "default",
      "provider": "provider[\"registry.terraform.io/hashicorp/google\"]",
      "instances": [
        {
          "schema_version": 0,
          "attributes": {
            "deletion_policy": null,
            "id": "projects%2Ftypescript-fullstack-onboard%2Fglobal%2Fnetworks%2Fprivate-network:servicenetworking.googleapis.com",
            "network": "projects/typescript-fullstack-onboard/global/networks/private-network",
            "peering": "servicenetworking-googleapis-com",
            "reserved_peering_ranges": [
              "private-ip-address"
            ],
            "service": "servicenetworking.googleapis.com",
            "timeouts": null,
            "update_on_creation_fail": null
          },
          "sensitive_attributes": [],
          "identity_schema_version": 0,
          "private": "eyJlMmJmYjczMC1lY2FhLTExZTYtOGY4OC0zNDM2M2JjN2M0YzAiOnsiY3JlYXRlIjo2MDAwMDAwMDAwMDAsImRlbGV0ZSI6NjAwMDAwMDAwMDAwLCJ1cGRhdGUiOjYwMDAwMDAwMDAwMH19",
          "dependencies": [
            "google_compute_global_address.private_ip_address",
            "google_compute_network.peering_network",
            "google_project_service.compute_api",
            "google_project_service.servicenetworking_api"
          ]
        }
      ]
    },
    {
      "mode": "managed",
      "type": "google_sql_database_instance",
      "name": "postgres_instance",
      "provider": "provider[\"registry.terraform.io/hashicorp/google\"]",
      "instances": [
        {
          "schema_version": 0,
          "attributes": {
            "available_maintenance_versions": [],
            "clone": [],
            "connection_name": "typescript-fullstack-onboard:us-central1:private-ip-sql-instance",
            "database_version": "POSTGRES_14",
            "deletion_protection": true,
            "dns_name": "",
            "encryption_key_name": null,
            "first_ip_address": "10.24.0.3",
            "id": "private-ip-sql-instance",
            "instance_type": "CLOUD_SQL_INSTANCE",
            "ip_address": [
              {
                "ip_address": "10.24.0.3",
                "time_to_retire": "",
                "type": "PRIVATE"
              }
            ],
            "maintenance_version": "POSTGRES_14_18.R20250302.00_31",
            "master_instance_name": "",
            "name": "private-ip-sql-instance",
            "private_ip_address": "10.24.0.3",
            "project": "typescript-fullstack-onboard",
            "psc_service_attachment_link": "",
            "public_ip_address": "",
            "region": "us-central1",
            "replica_configuration": [],
            "restore_backup_context": [],
            "root_password": null,
            "self_link": "https://sqladmin.googleapis.com/sql/v1beta4/projects/typescript-fullstack-onboard/instances/private-ip-sql-instance",
            "server_ca_cert": [
              {
                "cert": "-----BEGIN CERTIFICATE-----\nMIIDfzCCAmegAwIBAgIBADANBgkqhkiG9w0BAQsFADB3MS0wKwYDVQQuEyQ2YjZj\nZjYwNi00YjVmLTQzYWQtYTAxOS04OTUwMzllZWQ4MDIxIzAhBgNVBAMTGkdvb2ds\nZSBDbG91ZCBTUUwgU2VydmVyIENBMRQwEgYDVQQKEwtHb29nbGUsIEluYzELMAkG\nA1UEBhMCVVMwHhcNMjUwODAxMDQzMTAwWhcNMzUwNzMwMDQzMjAwWjB3MS0wKwYD\nVQQuEyQ2YjZjZjYwNi00YjVmLTQzYWQtYTAxOS04OTUwMzllZWQ4MDIxIzAhBgNV\nBAMTGkdvb2dsZSBDbG91ZCBTUUwgU2VydmVyIENBMRQwEgYDVQQKEwtHb29nbGUs\nIEluYzELMAkGA1UEBhMCVVMwggEiMA0GCSqGSIb3DQEBAQUAA4IBDwAwggEKAoIB\nAQC9miaACNSetAyAlk4g8DIQhOvKLncyeesRwOJaaKpNP5RYwwzC2b6WVX6KNTtI\n+kcb+LLXU8IVkFnrnteWKErNonLSLhDxnKHc07XOxMEp56/Re3ZltPHOSQxocUdE\ndH118i3k86mzeTeOlvzpPzJ9SoxtJCLO07hzO4IjUGf0KoG87wOwOFEAMbmQ/2VB\nNwLNEgB9xzlqjlXFOY5hbBOGgmkLunXDLCqk9DfV/uKsGNZ/J0AYtiitHSP7ywo9\nmdbz2yH7iyKL31HS2CphAVmljO9jFpzOdx2Udypsj7F6UvNgOvD0keQxu4slbEEu\njm6kyuu8DsDVSvLObVAwbotlAgMBAAGjFjAUMBIGA1UdEwEB/wQIMAYBAf8CAQAw\nDQYJKoZIhvcNAQELBQADggEBAApm7tXI7anK0qhmmShat4gCumhWZq/X52PlOEDH\nnc1EamDzX/6fwfMlIXXoUzMgenppE7H5ECmiIn1FWNEVe96iVkroaiOl1Asoosys\nZHFrI577ZS1ZeAnydDcUlEHzkN1GWToiaua2OoRpJ97PepBGdAhM6diIT3TEI4Cs\n+VtpK/Lbd9QzwgMRkd8IoA025xEBVyYsHFL0KaX7gGaIR8EbFJGaWf+XslMu4GuH\nfXZ29Dd3BsdXrGu5VEN+HRqSUrFpVldJewN9yS+XN5DitF8Fb3xPQ7aUFj4z0K1v\nLnQwcQF/UeldWQgqzibQ97z/kCK5CV+TaG8g+8SnAB7Kbfw=\n-----END CERTIFICATE-----",
                "common_name": "C=US,O=Google\\, Inc,CN=Google Cloud SQL Server CA,dnQualifier=6b6cf606-4b5f-43ad-a019-895039eed802",
                "create_time": "2025-08-01T04:31:00.142Z",
                "expiration_time": "2035-07-30T04:32:00.142Z",
                "sha1_fingerprint": "22cf536bd2319287985ff7eb5c5697e0224c12e5"
              }
            ],
            "service_account_email_address": "p998684226932-tka2ue@gcp-sa-cloud-sql.iam.gserviceaccount.com",
            "settings": [
              {
                "activation_policy": "ALWAYS",
                "active_directory_config": [],
                "advanced_machine_features": [],
                "availability_type": "ZONAL",
                "backup_configuration": [
                  {
                    "backup_retention_settings": [
                      {
                        "retained_backups": 7,
                        "retention_unit": "COUNT"
                      }
                    ],
                    "binary_log_enabled": false,
                    "enabled": false,
                    "location": "",
                    "point_in_time_recovery_enabled": false,
                    "start_time": "22:00",
                    "transaction_log_retention_days": 7
                  }
                ],
                "collation": "",
                "connector_enforcement": "NOT_REQUIRED",
                "data_cache_config": [],
                "database_flags": [],
                "deletion_protection_enabled": false,
                "deny_maintenance_period": [],
                "disk_autoresize": true,
                "disk_autoresize_limit": 0,
                "disk_size": 10,
                "disk_type": "PD_SSD",
                "edition": "ENTERPRISE",
                "enable_dataplex_integration": false,
                "enable_google_ml_integration": false,
                "insights_config": [],
                "ip_configuration": [
                  {
                    "allocated_ip_range": "",
                    "authorized_networks": [],
                    "enable_private_path_for_google_cloud_services": false,
                    "ipv4_enabled": false,
                    "private_network": "projects/typescript-fullstack-onboard/global/networks/private-network",
                    "psc_config": [],
                    "server_ca_mode": "GOOGLE_MANAGED_INTERNAL_CA",
                    "ssl_mode": "ALLOW_UNENCRYPTED_AND_ENCRYPTED"
                  }
                ],
                "location_preference": [
                  {
                    "follow_gae_application": "",
                    "secondary_zone": "",
                    "zone": "us-central1-c"
                  }
                ],
                "maintenance_window": [],
                "password_validation_policy": [],
                "pricing_plan": "PER_USE",
                "sql_server_audit_config": [],
                "tier": "db-custom-2-7680",
                "time_zone": "",
                "user_labels": {},
                "version": 2
              }
            ],
            "timeouts": null
          },
          "sensitive_attributes": [
            [
              {
                "type": "get_attr",
                "value": "root_password"
              }
            ],
            [
              {
                "type": "get_attr",
                "value": "server_ca_cert"
              }
            ]
          ],
          "identity_schema_version": 0,
          "private": "eyJlMmJmYjczMC1lY2FhLTExZTYtOGY4OC0zNDM2M2JjN2M0YzAiOnsiY3JlYXRlIjo1NDAwMDAwMDAwMDAwLCJkZWxldGUiOjU0MDAwMDAwMDAwMDAsInVwZGF0ZSI6NTQwMDAwMDAwMDAwMH19",
          "dependencies": [
            "google_compute_global_address.private_ip_address",
            "google_compute_network.peering_network",
            "google_project_service.compute_api",
            "google_project_service.servicenetworking_api",
            "google_project_service.sqladmin_api",
            "google_service_networking_connection.default"
          ]
        }
      ]
    },
    {
      "mode": "managed",
      "type": "google_storage_bucket",
      "name": "static_website",
      "provider": "provider[\"registry.terraform.io/hashicorp/google\"]",
      "instances": [
        {
          "schema_version": 3,
          "attributes": {
            "autoclass": [],
            "cors": [],
            "custom_placement_config": [],
            "default_event_based_hold": false,
            "effective_labels": {
              "goog-terraform-provisioned": "true"
            },
            "enable_object_retention": false,
            "encryption": [],
            "force_destroy": false,
            "id": "2e26eb0c1c528d7f-static-website-bucket",
            "labels": {},
            "lifecycle_rule": [],
            "location": "US-CENTRAL1",
            "logging": [],
            "name": "2e26eb0c1c528d7f-static-website-bucket",
            "project": "typescript-fullstack-onboard",
            "project_number": 998684226932,
            "public_access_prevention": "inherited",
            "requester_pays": false,
            "retention_policy": [],
            "rpo": null,
            "self_link": "https://www.googleapis.com/storage/v1/b/2e26eb0c1c528d7f-static-website-bucket",
            "soft_delete_policy": [
              {
                "effective_time": "2025-08-01T03:09:01.350Z",
                "retention_duration_seconds": 604800
              }
            ],
            "storage_class": "STANDARD",
            "terraform_labels": {
              "goog-terraform-provisioned": "true"
            },
            "timeouts": null,
            "uniform_bucket_level_access": true,
            "url": "gs://2e26eb0c1c528d7f-static-website-bucket",
            "versioning": [],
            "website": [
              {
                "main_page_suffix": "index.html",
                "not_found_page": "index.html"
              }
            ]
          },
          "sensitive_attributes": [],
          "identity_schema_version": 0,
          "private": "eyJlMmJmYjczMC1lY2FhLTExZTYtOGY4OC0zNDM2M2JjN2M0YzAiOnsiY3JlYXRlIjo2MDAwMDAwMDAwMDAsInJlYWQiOjI0MDAwMDAwMDAwMCwidXBkYXRlIjoyNDAwMDAwMDAwMDB9LCJzY2hlbWFfdmVyc2lvbiI6IjMifQ==",
          "dependencies": [
            "google_project_service.storage_api",
            "random_id.bucket_prefix"
          ]
        }
      ]
    },
    {
      "mode": "managed",
      "type": "google_storage_bucket_iam_member",
      "name": "public_rule",
      "provider": "provider[\"registry.terraform.io/hashicorp/google\"]",
      "instances": [
        {
          "schema_version": 0,
          "attributes": {
            "bucket": "b/2e26eb0c1c528d7f-static-website-bucket",
            "condition": [],
            "etag": "CAI=",
            "id": "b/2e26eb0c1c528d7f-static-website-bucket/roles/storage.objectViewer/allUsers",
            "member": "allUsers",
            "role": "roles/storage.objectViewer"
          },
          "sensitive_attributes": [],
          "identity_schema_version": 0,
          "private": "bnVsbA==",
          "dependencies": [
            "google_project_service.storage_api",
            "google_storage_bucket.static_website",
            "random_id.bucket_prefix"
          ]
        }
      ]
    },
    {
      "mode": "managed",
      "type": "google_vpc_access_connector",
      "name": "connector",
      "provider": "provider[\"registry.terraform.io/hashicorp/google\"]",
      "instances": [
        {
          "schema_version": 0,
          "attributes": {
            "connected_projects": [
              "typescript-fullstack-onboard"
            ],
            "id": "projects/typescript-fullstack-onboard/locations/us-central1/connectors/vpc-connector",
            "ip_cidr_range": "10.8.0.0/28",
            "machine_type": "e2-micro",
            "max_instances": 3,
            "max_throughput": 300,
            "min_instances": 2,
            "min_throughput": 200,
            "name": "vpc-connector",
            "network": "private-network",
            "project": "typescript-fullstack-onboard",
            "region": "us-central1",
            "self_link": "projects/typescript-fullstack-onboard/locations/us-central1/connectors/vpc-connector",
            "state": "READY",
            "subnet": [],
            "timeouts": null
          },
          "sensitive_attributes": [],
          "identity_schema_version": 0,
          "private": "eyJlMmJmYjczMC1lY2FhLTExZTYtOGY4OC0zNDM2M2JjN2M0YzAiOnsiY3JlYXRlIjoxMjAwMDAwMDAwMDAwLCJkZWxldGUiOjEyMDAwMDAwMDAwMDB9fQ==",
          "dependencies": [
            "google_compute_network.peering_network",
            "google_project_service.compute_api",
            "google_project_service.vpcaccess_api"
          ]
        }
      ]
    },
    {
      "mode": "managed",
      "type": "random_id",
      "name": "bucket_prefix",
      "provider": "provider[\"registry.terraform.io/hashicorp/random\"]",
      "instances": [
        {
          "schema_version": 0,
          "attributes": {
            "b64_std": "LibrDBxSjX8=",
            "b64_url": "LibrDBxSjX8",
            "byte_length": 8,
            "dec": "3325603812106997119",
            "hex": "2e26eb0c1c528d7f",
            "id": "LibrDBxSjX8",
            "keepers": null,
            "prefix": null
          },
          "sensitive_attributes": [],
          "identity_schema_version": 0
        }
      ]
    }
  ],
  "check_results": null
}
